
Microsoft Visual Studio Solution File, Format Version 12.00
# Visual Studio 15
Project("{FAE04EC0-301F-11D3-BF4B-00C04F79EFBC}") = "Notary", "Notary.csproj", "{74BE7890-B044-4EE9-9ADB-812F1CC4A3EE}"
EndProject
Global
	GlobalSection(SolutionConfigurationPlatforms) = preSolution
		Debug|Any CPU = Debug|Any CPU
		Release|Any CPU = Release|Any CPU
	EndGlobalSection
	GlobalSection(ProjectConfigurationPlatforms) = postSolution
		{74BE7890-B044-4EE9-9ADB-812F1CC4A3EE}.Debug|Any CPU.ActiveCfg = Debug|Any CPU
		{74BE7890-B044-4EE9-9ADB-812F1CC4A3EE}.Debug|Any CPU.Build.0 = Debug|Any CPU
		{74BE7890-B044-4EE9-9ADB-812F1CC4A3EE}.Release|Any CPU.ActiveCfg = Release|Any CPU
		{74BE7890-B044-4EE9-9ADB-812F1CC4A3EE}.Release|Any CPU.Build.0 = Release|Any CPU
	EndGlobalSection
EndGlobal
